
Microsoft Visual Studio Solution File, Format Version 12.00
# Visual Studio Version 17
VisualStudioVersion = 17.5.33424.131
MinimumVisualStudioVersion = 10.0.40219.1
Project("{FAE04EC0-301F-11D3-BF4B-00C04F79EFBC}") = "BookHub", "BookHub.csproj", "{5300A565-58EC-4D12-BBAB-68ED667F40B6}"
EndProject
Global
	GlobalSection(SolutionConfigurationPlatforms) = preSolution
		Debug|Any CPU = Debug|Any CPU
		Release|Any CPU = Release|Any CPU
	EndGlobalSection
	GlobalSection(ProjectConfigurationPlatforms) = postSolution
		{5300A565-58EC-4D12-BBAB-68ED667F40B6}.Debug|Any CPU.ActiveCfg = Debug|Any CPU
		{5300A565-58EC-4D12-BBAB-68ED667F40B6}.Debug|Any CPU.Build.0 = Debug|Any CPU
		{5300A565-58EC-4D12-BBAB-68ED667F40B6}.Release|Any CPU.ActiveCfg = Release|Any CPU
		{5300A565-58EC-4D12-BBAB-68ED667F40B6}.Release|Any CPU.Build.0 = Release|Any CPU
	EndGlobalSection
	GlobalSection(SolutionProperties) = preSolution
		HideSolutionNode = FALSE
	EndGlobalSection
	GlobalSection(ExtensibilityGlobals) = postSolution
		SolutionGuid = {C4D23895-4539-42B3-AAAA-AFE79568790D}
	EndGlobalSection
EndGlobal
